
Microsoft Visual Studio Solution File, Format Version 12.00
# Visual Studio Version 16
VisualStudioVersion = 16.0.29926.136
MinimumVisualStudioVersion = 10.0.40219.1
Project("{2150E333-8FDC-42A3-9474-1A3956D46DE8}") = "src", "src", "{50AD07A8-8750-4CA5-812B-429A3002F658}"
EndProject
Project("{2150E333-8FDC-42A3-9474-1A3956D46DE8}") = "Api", "Api", "{C488F066-CEAD-4C24-A98E-DEE6002E540F}"
EndProject
Project("{9A19103F-16F7-4668-BE54-9A1E7A4F7556}") = "Veteries.API", "src\Api\Veteries.API\Veteries.API.csproj", "{3DD79820-872B-4208-BF27-82CA5AF17CDC}"
EndProject
Project("{2150E333-8FDC-42A3-9474-1A3956D46DE8}") = "Core", "Core", "{941D03FC-8CBC-457B-B03B-F9081DA82CA5}"
EndProject
Project("{2150E333-8FDC-42A3-9474-1A3956D46DE8}") = "Common", "Common", "{27CE117E-961B-45B8-9D56-3478823B6FD0}"
EndProject
Project("{2150E333-8FDC-42A3-9474-1A3956D46DE8}") = "Feature", "Feature", "{9C47DCBF-4EE0-4B90-AD6A-853945EF658C}"
EndProject
Project("{2150E333-8FDC-42A3-9474-1A3956D46DE8}") = "Infrastructure", "Infrastructure", "{E9522D1D-870E-4F85-9C8F-2649D92351E2}"
EndProject
Project("{9A19103F-16F7-4668-BE54-9A1E7A4F7556}") = "Models", "src\Common\Models\Models.csproj", "{F95E99FF-5856-4875-AB69-1A4690F7C952}"
EndProject
Project("{9A19103F-16F7-4668-BE54-9A1E7A4F7556}") = "Application", "src\Core\Application\Application.csproj", "{86F89E7D-874A-414D-AD42-B54238D49A74}"
EndProject
Project("{9A19103F-16F7-4668-BE54-9A1E7A4F7556}") = "Persistence", "src\Infrastructure\Persistence\Persistence.csproj", "{2C179BE2-5832-427A-8360-1EAF0F0AE554}"
EndProject
Project("{9A19103F-16F7-4668-BE54-9A1E7A4F7556}") = "Domain", "src\Core\Domain\Domain.csproj", "{EFFB397B-C7F7-499F-90AC-AD501322BC32}"
EndProject
Project("{9A19103F-16F7-4668-BE54-9A1E7A4F7556}") = "User", "src\Feature\User\User.csproj", "{E51F94FA-4DCD-4C4C-AC59-2076DC4BB239}"
EndProject
Project("{9A19103F-16F7-4668-BE54-9A1E7A4F7556}") = "Extensions", "src\Common\Extensions\Extensions.csproj", "{E4043E02-FB6D-4341-8BD8-054BDA4D812F}"
EndProject
Project("{9A19103F-16F7-4668-BE54-9A1E7A4F7556}") = "Services", "src\Common\Services\Services.csproj", "{63483FF4-DAEE-4B88-90F0-023D3FC335AA}"
EndProject
Project("{9A19103F-16F7-4668-BE54-9A1E7A4F7556}") = "Animals", "src\Feature\Animals\Animals.csproj", "{DB04BCD4-4B20-470E-8AA6-C88059B30E32}"
EndProject
Project("{2150E333-8FDC-42A3-9474-1A3956D46DE8}") = "test", "test", "{38AC5B8D-4A18-4B43-844B-BD0759C4AC59}"
EndProject
Project("{9A19103F-16F7-4668-BE54-9A1E7A4F7556}") = "Veteries.IntegrationTests", "test\IntegrationTests\Veteries.IntegrationTests.csproj", "{E3B5CAE7-BE21-4F25-BD60-846B04D2F07C}"
EndProject
Project("{9A19103F-16F7-4668-BE54-9A1E7A4F7556}") = "Mapper", "src\Common\Mapper\Mapper.csproj", "{0357F61C-4F65-4709-B391-5D8C5718E116}"
EndProject
Global
	GlobalSection(SolutionConfigurationPlatforms) = preSolution
		Debug|Any CPU = Debug|Any CPU
		Release|Any CPU = Release|Any CPU
	EndGlobalSection
	GlobalSection(ProjectConfigurationPlatforms) = postSolution
		{3DD79820-872B-4208-BF27-82CA5AF17CDC}.Debug|Any CPU.ActiveCfg = Debug|Any CPU
		{3DD79820-872B-4208-BF27-82CA5AF17CDC}.Debug|Any CPU.Build.0 = Debug|Any CPU
		{3DD79820-872B-4208-BF27-82CA5AF17CDC}.Release|Any CPU.ActiveCfg = Release|Any CPU
		{3DD79820-872B-4208-BF27-82CA5AF17CDC}.Release|Any CPU.Build.0 = Release|Any CPU
		{F95E99FF-5856-4875-AB69-1A4690F7C952}.Debug|Any CPU.ActiveCfg = Debug|Any CPU
		{F95E99FF-5856-4875-AB69-1A4690F7C952}.Debug|Any CPU.Build.0 = Debug|Any CPU
		{F95E99FF-5856-4875-AB69-1A4690F7C952}.Release|Any CPU.ActiveCfg = Release|Any CPU
		{F95E99FF-5856-4875-AB69-1A4690F7C952}.Release|Any CPU.Build.0 = Release|Any CPU
		{86F89E7D-874A-414D-AD42-B54238D49A74}.Debug|Any CPU.ActiveCfg = Debug|Any CPU
		{86F89E7D-874A-414D-AD42-B54238D49A74}.Debug|Any CPU.Build.0 = Debug|Any CPU
		{86F89E7D-874A-414D-AD42-B54238D49A74}.Release|Any CPU.ActiveCfg = Release|Any CPU
		{86F89E7D-874A-414D-AD42-B54238D49A74}.Release|Any CPU.Build.0 = Release|Any CPU
		{2C179BE2-5832-427A-8360-1EAF0F0AE554}.Debug|Any CPU.ActiveCfg = Debug|Any CPU
		{2C179BE2-5832-427A-8360-1EAF0F0AE554}.Debug|Any CPU.Build.0 = Debug|Any CPU
		{2C179BE2-5832-427A-8360-1EAF0F0AE554}.Release|Any CPU.ActiveCfg = Release|Any CPU
		{2C179BE2-5832-427A-8360-1EAF0F0AE554}.Release|Any CPU.Build.0 = Release|Any CPU
		{EFFB397B-C7F7-499F-90AC-AD501322BC32}.Debug|Any CPU.ActiveCfg = Debug|Any CPU
		{EFFB397B-C7F7-499F-90AC-AD501322BC32}.Debug|Any CPU.Build.0 = Debug|Any CPU
		{EFFB397B-C7F7-499F-90AC-AD501322BC32}.Release|Any CPU.ActiveCfg = Release|Any CPU
		{EFFB397B-C7F7-499F-90AC-AD501322BC32}.Release|Any CPU.Build.0 = Release|Any CPU
		{E51F94FA-4DCD-4C4C-AC59-2076DC4BB239}.Debug|Any CPU.ActiveCfg = Debug|Any CPU
		{E51F94FA-4DCD-4C4C-AC59-2076DC4BB239}.Debug|Any CPU.Build.0 = Debug|Any CPU
		{E51F94FA-4DCD-4C4C-AC59-2076DC4BB239}.Release|Any CPU.ActiveCfg = Release|Any CPU
		{E51F94FA-4DCD-4C4C-AC59-2076DC4BB239}.Release|Any CPU.Build.0 = Release|Any CPU
		{E4043E02-FB6D-4341-8BD8-054BDA4D812F}.Debug|Any CPU.ActiveCfg = Debug|Any CPU
		{E4043E02-FB6D-4341-8BD8-054BDA4D812F}.Debug|Any CPU.Build.0 = Debug|Any CPU
		{E4043E02-FB6D-4341-8BD8-054BDA4D812F}.Release|Any CPU.ActiveCfg = Release|Any CPU
		{E4043E02-FB6D-4341-8BD8-054BDA4D812F}.Release|Any CPU.Build.0 = Release|Any CPU
		{63483FF4-DAEE-4B88-90F0-023D3FC335AA}.Debug|Any CPU.ActiveCfg = Debug|Any CPU
		{63483FF4-DAEE-4B88-90F0-023D3FC335AA}.Debug|Any CPU.Build.0 = Debug|Any CPU
		{63483FF4-DAEE-4B88-90F0-023D3FC335AA}.Release|Any CPU.ActiveCfg = Release|Any CPU
		{63483FF4-DAEE-4B88-90F0-023D3FC335AA}.Release|Any CPU.Build.0 = Release|Any CPU
		{DB04BCD4-4B20-470E-8AA6-C88059B30E32}.Debug|Any CPU.ActiveCfg = Debug|Any CPU
		{DB04BCD4-4B20-470E-8AA6-C88059B30E32}.Debug|Any CPU.Build.0 = Debug|Any CPU
		{DB04BCD4-4B20-470E-8AA6-C88059B30E32}.Release|Any CPU.ActiveCfg = Release|Any CPU
		{DB04BCD4-4B20-470E-8AA6-C88059B30E32}.Release|Any CPU.Build.0 = Release|Any CPU
		{E3B5CAE7-BE21-4F25-BD60-846B04D2F07C}.Debug|Any CPU.ActiveCfg = Debug|Any CPU
		{E3B5CAE7-BE21-4F25-BD60-846B04D2F07C}.Debug|Any CPU.Build.0 = Debug|Any CPU
		{E3B5CAE7-BE21-4F25-BD60-846B04D2F07C}.Release|Any CPU.ActiveCfg = Release|Any CPU
		{E3B5CAE7-BE21-4F25-BD60-846B04D2F07C}.Release|Any CPU.Build.0 = Release|Any CPU
		{0357F61C-4F65-4709-B391-5D8C5718E116}.Debug|Any CPU.ActiveCfg = Debug|Any CPU
		{0357F61C-4F65-4709-B391-5D8C5718E116}.Debug|Any CPU.Build.0 = Debug|Any CPU
		{0357F61C-4F65-4709-B391-5D8C5718E116}.Release|Any CPU.ActiveCfg = Release|Any CPU
		{0357F61C-4F65-4709-B391-5D8C5718E116}.Release|Any CPU.Build.0 = Release|Any CPU
	EndGlobalSection
	GlobalSection(SolutionProperties) = preSolution
		HideSolutionNode = FALSE
	EndGlobalSection
	GlobalSection(NestedProjects) = preSolution
		{C488F066-CEAD-4C24-A98E-DEE6002E540F} = {50AD07A8-8750-4CA5-812B-429A3002F658}
		{3DD79820-872B-4208-BF27-82CA5AF17CDC} = {C488F066-CEAD-4C24-A98E-DEE6002E540F}
		{941D03FC-8CBC-457B-B03B-F9081DA82CA5} = {50AD07A8-8750-4CA5-812B-429A3002F658}
		{27CE117E-961B-45B8-9D56-3478823B6FD0} = {50AD07A8-8750-4CA5-812B-429A3002F658}
		{9C47DCBF-4EE0-4B90-AD6A-853945EF658C} = {50AD07A8-8750-4CA5-812B-429A3002F658}
		{E9522D1D-870E-4F85-9C8F-2649D92351E2} = {50AD07A8-8750-4CA5-812B-429A3002F658}
		{F95E99FF-5856-4875-AB69-1A4690F7C952} = {27CE117E-961B-45B8-9D56-3478823B6FD0}
		{86F89E7D-874A-414D-AD42-B54238D49A74} = {941D03FC-8CBC-457B-B03B-F9081DA82CA5}
		{2C179BE2-5832-427A-8360-1EAF0F0AE554} = {E9522D1D-870E-4F85-9C8F-2649D92351E2}
		{EFFB397B-C7F7-499F-90AC-AD501322BC32} = {941D03FC-8CBC-457B-B03B-F9081DA82CA5}
		{E51F94FA-4DCD-4C4C-AC59-2076DC4BB239} = {9C47DCBF-4EE0-4B90-AD6A-853945EF658C}
		{E4043E02-FB6D-4341-8BD8-054BDA4D812F} = {27CE117E-961B-45B8-9D56-3478823B6FD0}
		{63483FF4-DAEE-4B88-90F0-023D3FC335AA} = {27CE117E-961B-45B8-9D56-3478823B6FD0}
		{DB04BCD4-4B20-470E-8AA6-C88059B30E32} = {9C47DCBF-4EE0-4B90-AD6A-853945EF658C}
		{E3B5CAE7-BE21-4F25-BD60-846B04D2F07C} = {38AC5B8D-4A18-4B43-844B-BD0759C4AC59}
		{0357F61C-4F65-4709-B391-5D8C5718E116} = {27CE117E-961B-45B8-9D56-3478823B6FD0}
	EndGlobalSection
	GlobalSection(ExtensibilityGlobals) = postSolution
		SolutionGuid = {C61AD4F1-6DE1-4CD0-AB47-9D1CFE38C115}
	EndGlobalSection
EndGlobal
